
Microsoft Visual Studio Solution File, Format Version 12.00
# Visual Studio Version 17
VisualStudioVersion = 17.4.33213.308
MinimumVisualStudioVersion = 10.0.40219.1
Project("{8BC9CEB8-8B4A-11D0-8D11-00A0C91BC942}") = "Lab5Exercise3", "Lab5Exercise3.vcxproj", "{1192DF57-409A-419A-B68C-382C37A34691}"
EndProject
Global
	GlobalSection(SolutionConfigurationPlatforms) = preSolution
		Debug|x64 = Debug|x64
		Debug|x86 = Debug|x86
		Release|x64 = Release|x64
		Release|x86 = Release|x86
	EndGlobalSection
	GlobalSection(ProjectConfigurationPlatforms) = postSolution
		{1192DF57-409A-419A-B68C-382C37A34691}.Debug|x64.ActiveCfg = Debug|x64
		{1192DF57-409A-419A-B68C-382C37A34691}.Debug|x64.Build.0 = Debug|x64
		{1192DF57-409A-419A-B68C-382C37A34691}.Debug|x86.ActiveCfg = Debug|Win32
		{1192DF57-409A-419A-B68C-382C37A34691}.Debug|x86.Build.0 = Debug|Win32
		{1192DF57-409A-419A-B68C-382C37A34691}.Release|x64.ActiveCfg = Release|x64
		{1192DF57-409A-419A-B68C-382C37A34691}.Release|x64.Build.0 = Release|x64
		{1192DF57-409A-419A-B68C-382C37A34691}.Release|x86.ActiveCfg = Release|Win32
		{1192DF57-409A-419A-B68C-382C37A34691}.Release|x86.Build.0 = Release|Win32
	EndGlobalSection
	GlobalSection(SolutionProperties) = preSolution
		HideSolutionNode = FALSE
	EndGlobalSection
	GlobalSection(ExtensibilityGlobals) = postSolution
		SolutionGuid = {119610D7-E5A9-49E8-AAC1-8205E61B8247}
	EndGlobalSection
EndGlobal
